PODS:
  - Flutter (1.0.0)
  - inditrans (0.12.1):
    - Flutter

DEPENDENCIES:
  - Flutter (from `Flutter`)
  - inditrans (from `.symlinks/plugins/inditrans/ios`)

EXTERNAL SOURCES:
  Flutter:
    :path: Flutter
  inditrans:
    :path: ".symlinks/plugins/inditrans/ios"

SPEC CHECKSUMS:
  Flutter: 71a624a5bc0c04062bf19101d501e466baf2fb47
  inditrans: 8ecf784532eb63f48bca24c514a6bf21393223ee

PODFILE CHECKSUM: af563de9553b10ea1036e12f99f28494d56f4d39

COCOAPODS: 1.17.0
